
Microsoft Visual Studio Solution File, Format Version 12.00
# Visual Studio 2013
VisualStudioVersion = 12.0.31101.0
MinimumVisualStudioVersion = 10.0.40219.1
Project("{FAE04EC0-301F-11D3-BF4B-00C04F79EFBC}") = "HowUseDownloadManager", "HowUseDownloadManager\HowUseDownloadManager\HowUseDownloadManager.csproj", "{7D9B1E9A-7D51-41BF-9700-374054EADF9E}"
EndProject
Project("{FAE04EC0-301F-11D3-BF4B-00C04F79EFBC}") = "HowUseDownloadManager.iOS", "HowUseDownloadManager\HowUseDownloadManager.iOS\HowUseDownloadManager.iOS.csproj", "{5F42654B-91FD-43E2-87DB-029EE47601D2}"
EndProject
Project("{FAE04EC0-301F-11D3-BF4B-00C04F79EFBC}") = "HowUseDownloadManager.Droid", "HowUseDownloadManager\HowUseDownloadManager.Droid\HowUseDownloadManager.Droid.csproj", "{F911D110-A0B8-4554-81F1-881414B8796D}"
EndProject
Project("{FAE04EC0-301F-11D3-BF4B-00C04F79EFBC}") = "HowUseDownloadManager.WinPhone", "HowUseDownloadManager\HowUseDownloadManager.WinPhone\HowUseDownloadManager.WinPhone.csproj", "{8E0BDECD-1B7E-48BE-AC60-11943C4940FE}"
EndProject
Global
	GlobalSection(SolutionConfigurationPlatforms) = preSolution
		Ad-Hoc|Any CPU = Ad-Hoc|Any CPU
		Ad-Hoc|ARM = Ad-Hoc|ARM
		Ad-Hoc|iPhone = Ad-Hoc|iPhone
		Ad-Hoc|iPhoneSimulator = Ad-Hoc|iPhoneSimulator
		Ad-Hoc|Mixed Platforms = Ad-Hoc|Mixed Platforms
		Ad-Hoc|x86 = Ad-Hoc|x86
		AppStore|Any CPU = AppStore|Any CPU
		AppStore|ARM = AppStore|ARM
		AppStore|iPhone = AppStore|iPhone
		AppStore|iPhoneSimulator = AppStore|iPhoneSimulator
		AppStore|Mixed Platforms = AppStore|Mixed Platforms
		AppStore|x86 = AppStore|x86
		Debug|Any CPU = Debug|Any CPU
		Debug|ARM = Debug|ARM
		Debug|iPhone = Debug|iPhone
		Debug|iPhoneSimulator = Debug|iPhoneSimulator
		Debug|Mixed Platforms = Debug|Mixed Platforms
		Debug|x86 = Debug|x86
		Release|Any CPU = Release|Any CPU
		Release|ARM = Release|ARM
		Release|iPhone = Release|iPhone
		Release|iPhoneSimulator = Release|iPhoneSimulator
		Release|Mixed Platforms = Release|Mixed Platforms
		Release|x86 = Release|x86
	EndGlobalSection
	GlobalSection(ProjectConfigurationPlatforms) = postSolution
		{7D9B1E9A-7D51-41BF-9700-374054EADF9E}.Ad-Hoc|Any CPU.ActiveCfg = Release|Any CPU
		{7D9B1E9A-7D51-41BF-9700-374054EADF9E}.Ad-Hoc|Any CPU.Build.0 = Release|Any CPU
		{7D9B1E9A-7D51-41BF-9700-374054EADF9E}.Ad-Hoc|ARM.ActiveCfg = Release|Any CPU
		{7D9B1E9A-7D51-41BF-9700-374054EADF9E}.Ad-Hoc|iPhone.ActiveCfg = Release|Any CPU
		{7D9B1E9A-7D51-41BF-9700-374054EADF9E}.Ad-Hoc|iPhoneSimulator.ActiveCfg = Release|Any CPU
		{7D9B1E9A-7D51-41BF-9700-374054EADF9E}.Ad-Hoc|Mixed Platforms.ActiveCfg = Release|Any CPU
		{7D9B1E9A-7D51-41BF-9700-374054EADF9E}.Ad-Hoc|Mixed Platforms.Build.0 = Release|Any CPU
		{7D9B1E9A-7D51-41BF-9700-374054EADF9E}.Ad-Hoc|x86.ActiveCfg = Release|Any CPU
		{7D9B1E9A-7D51-41BF-9700-374054EADF9E}.AppStore|Any CPU.ActiveCfg = Release|Any CPU
		{7D9B1E9A-7D51-41BF-9700-374054EADF9E}.AppStore|Any CPU.Build.0 = Release|Any CPU
		{7D9B1E9A-7D51-41BF-9700-374054EADF9E}.AppStore|ARM.ActiveCfg = Release|Any CPU
		{7D9B1E9A-7D51-41BF-9700-374054EADF9E}.AppStore|iPhone.ActiveCfg = Release|Any CPU
		{7D9B1E9A-7D51-41BF-9700-374054EADF9E}.AppStore|iPhoneSimulator.ActiveCfg = Release|Any CPU
		{7D9B1E9A-7D51-41BF-9700-374054EADF9E}.AppStore|Mixed Platforms.ActiveCfg = Release|Any CPU
		{7D9B1E9A-7D51-41BF-9700-374054EADF9E}.AppStore|Mixed Platforms.Build.0 = Release|Any CPU
		{7D9B1E9A-7D51-41BF-9700-374054EADF9E}.AppStore|x86.ActiveCfg = Release|Any CPU
		{7D9B1E9A-7D51-41BF-9700-374054EADF9E}.Debug|Any CPU.ActiveCfg = Debug|Any CPU
		{7D9B1E9A-7D51-41BF-9700-374054EADF9E}.Debug|Any CPU.Build.0 = Debug|Any CPU
		{7D9B1E9A-7D51-41BF-9700-374054EADF9E}.Debug|ARM.ActiveCfg = Debug|Any CPU
		{7D9B1E9A-7D51-41BF-9700-374054EADF9E}.Debug|iPhone.ActiveCfg = Debug|Any CPU
		{7D9B1E9A-7D51-41BF-9700-374054EADF9E}.Debug|iPhoneSimulator.ActiveCfg = Debug|Any CPU
		{7D9B1E9A-7D51-41BF-9700-374054EADF9E}.Debug|Mixed Platforms.ActiveCfg = Debug|Any CPU
		{7D9B1E9A-7D51-41BF-9700-374054EADF9E}.Debug|Mixed Platforms.Build.0 = Debug|Any CPU
		{7D9B1E9A-7D51-41BF-9700-374054EADF9E}.Debug|x86.ActiveCfg = Debug|Any CPU
		{7D9B1E9A-7D51-41BF-9700-374054EADF9E}.Release|Any CPU.ActiveCfg = Release|Any CPU
		{7D9B1E9A-7D51-41BF-9700-374054EADF9E}.Release|Any CPU.Build.0 = Release|Any CPU
		{7D9B1E9A-7D51-41BF-9700-374054EADF9E}.Release|ARM.ActiveCfg = Release|Any CPU
		{7D9B1E9A-7D51-41BF-9700-374054EADF9E}.Release|iPhone.ActiveCfg = Release|Any CPU
		{7D9B1E9A-7D51-41BF-9700-374054EADF9E}.Release|iPhoneSimulator.ActiveCfg = Release|Any CPU
		{7D9B1E9A-7D51-41BF-9700-374054EADF9E}.Release|Mixed Platforms.ActiveCfg = Release|Any CPU
		{7D9B1E9A-7D51-41BF-9700-374054EADF9E}.Release|Mixed Platforms.Build.0 = Release|Any CPU
		{7D9B1E9A-7D51-41BF-9700-374054EADF9E}.Release|x86.ActiveCfg = Release|Any CPU
		{5F42654B-91FD-43E2-87DB-029EE47601D2}.Ad-Hoc|Any CPU.ActiveCfg = Ad-Hoc|iPhone
		{5F42654B-91FD-43E2-87DB-029EE47601D2}.Ad-Hoc|ARM.ActiveCfg = Ad-Hoc|iPhone
		{5F42654B-91FD-43E2-87DB-029EE47601D2}.Ad-Hoc|iPhone.ActiveCfg = Ad-Hoc|iPhone
		{5F42654B-91FD-43E2-87DB-029EE47601D2}.Ad-Hoc|iPhone.Build.0 = Ad-Hoc|iPhone
		{5F42654B-91FD-43E2-87DB-029EE47601D2}.Ad-Hoc|iPhoneSimulator.ActiveCfg = Ad-Hoc|iPhoneSimulator
		{5F42654B-91FD-43E2-87DB-029EE47601D2}.Ad-Hoc|iPhoneSimulator.Build.0 = Ad-Hoc|iPhoneSimulator
		{5F42654B-91FD-43E2-87DB-029EE47601D2}.Ad-Hoc|Mixed Platforms.ActiveCfg = Ad-Hoc|iPhone
		{5F42654B-91FD-43E2-87DB-029EE47601D2}.Ad-Hoc|Mixed Platforms.Build.0 = Ad-Hoc|iPhone
		{5F42654B-91FD-43E2-87DB-029EE47601D2}.Ad-Hoc|x86.ActiveCfg = Ad-Hoc|iPhone
		{5F42654B-91FD-43E2-87DB-029EE47601D2}.AppStore|Any CPU.ActiveCfg = AppStore|iPhone
		{5F42654B-91FD-43E2-87DB-029EE47601D2}.AppStore|ARM.ActiveCfg = AppStore|iPhone
		{5F42654B-91FD-43E2-87DB-029EE47601D2}.AppStore|iPhone.ActiveCfg = AppStore|iPhone
		{5F42654B-91FD-43E2-87DB-029EE47601D2}.AppStore|iPhone.Build.0 = AppStore|iPhone
		{5F42654B-91FD-43E2-87DB-029EE47601D2}.AppStore|iPhoneSimulator.ActiveCfg = AppStore|iPhoneSimulator
		{5F42654B-91FD-43E2-87DB-029EE47601D2}.AppStore|iPhoneSimulator.Build.0 = AppStore|iPhoneSimulator
		{5F42654B-91FD-43E2-87DB-029EE47601D2}.AppStore|Mixed Platforms.ActiveCfg = AppStore|iPhone
		{5F42654B-91FD-43E2-87DB-029EE47601D2}.AppStore|Mixed Platforms.Build.0 = AppStore|iPhone
		{5F42654B-91FD-43E2-87DB-029EE47601D2}.AppStore|x86.ActiveCfg = AppStore|iPhone
		{5F42654B-91FD-43E2-87DB-029EE47601D2}.Debug|Any CPU.ActiveCfg = Debug|iPhone
		{5F42654B-91FD-43E2-87DB-029EE47601D2}.Debug|ARM.ActiveCfg = Debug|iPhone
		{5F42654B-91FD-43E2-87DB-029EE47601D2}.Debug|iPhone.ActiveCfg = Debug|iPhone
		{5F42654B-91FD-43E2-87DB-029EE47601D2}.Debug|iPhone.Build.0 = Debug|iPhone
		{5F42654B-91FD-43E2-87DB-029EE47601D2}.Debug|iPhoneSimulator.ActiveCfg = Debug|iPhoneSimulator
		{5F42654B-91FD-43E2-87DB-029EE47601D2}.Debug|iPhoneSimulator.Build.0 = Debug|iPhoneSimulator
		{5F42654B-91FD-43E2-87DB-029EE47601D2}.Debug|Mixed Platforms.ActiveCfg = Debug|iPhone
		{5F42654B-91FD-43E2-87DB-029EE47601D2}.Debug|Mixed Platforms.Build.0 = Debug|iPhone
		{5F42654B-91FD-43E2-87DB-029EE47601D2}.Debug|x86.ActiveCfg = Debug|iPhone
		{5F42654B-91FD-43E2-87DB-029EE47601D2}.Release|Any CPU.ActiveCfg = Release|iPhone
		{5F42654B-91FD-43E2-87DB-029EE47601D2}.Release|ARM.ActiveCfg = Release|iPhone
		{5F42654B-91FD-43E2-87DB-029EE47601D2}.Release|iPhone.ActiveCfg = Release|iPhone
		{5F42654B-91FD-43E2-87DB-029EE47601D2}.Release|iPhone.Build.0 = Release|iPhone
		{5F42654B-91FD-43E2-87DB-029EE47601D2}.Release|iPhoneSimulator.ActiveCfg = Release|iPhoneSimulator
		{5F42654B-91FD-43E2-87DB-029EE47601D2}.Release|iPhoneSimulator.Build.0 = Release|iPhoneSimulator
		{5F42654B-91FD-43E2-87DB-029EE47601D2}.Release|Mixed Platforms.ActiveCfg = Release|iPhone
		{5F42654B-91FD-43E2-87DB-029EE47601D2}.Release|Mixed Platforms.Build.0 = Release|iPhone
		{5F42654B-91FD-43E2-87DB-029EE47601D2}.Release|x86.ActiveCfg = Release|iPhone
		{F911D110-A0B8-4554-81F1-881414B8796D}.Ad-Hoc|Any CPU.ActiveCfg = Release|Any CPU
		{F911D110-A0B8-4554-81F1-881414B8796D}.Ad-Hoc|Any CPU.Build.0 = Release|Any CPU
		{F911D110-A0B8-4554-81F1-881414B8796D}.Ad-Hoc|Any CPU.Deploy.0 = Release|Any CPU
		{F911D110-A0B8-4554-81F1-881414B8796D}.Ad-Hoc|ARM.ActiveCfg = Release|Any CPU
		{F911D110-A0B8-4554-81F1-881414B8796D}.Ad-Hoc|iPhone.ActiveCfg = Release|Any CPU
		{F911D110-A0B8-4554-81F1-881414B8796D}.Ad-Hoc|iPhoneSimulator.ActiveCfg = Release|Any CPU
		{F911D110-A0B8-4554-81F1-881414B8796D}.Ad-Hoc|Mixed Platforms.ActiveCfg = Release|Any CPU
		{F911D110-A0B8-4554-81F1-881414B8796D}.Ad-Hoc|Mixed Platforms.Build.0 = Release|Any CPU
		{F911D110-A0B8-4554-81F1-881414B8796D}.Ad-Hoc|Mixed Platforms.Deploy.0 = Release|Any CPU
		{F911D110-A0B8-4554-81F1-881414B8796D}.Ad-Hoc|x86.ActiveCfg = Release|Any CPU
		{F911D110-A0B8-4554-81F1-881414B8796D}.AppStore|Any CPU.ActiveCfg = Release|Any CPU
		{F911D110-A0B8-4554-81F1-881414B8796D}.AppStore|Any CPU.Build.0 = Release|Any CPU
		{F911D110-A0B8-4554-81F1-881414B8796D}.AppStore|Any CPU.Deploy.0 = Release|Any CPU
		{F911D110-A0B8-4554-81F1-881414B8796D}.AppStore|ARM.ActiveCfg = Release|Any CPU
		{F911D110-A0B8-4554-81F1-881414B8796D}.AppStore|iPhone.ActiveCfg = Release|Any CPU
		{F911D110-A0B8-4554-81F1-881414B8796D}.AppStore|iPhoneSimulator.ActiveCfg = Release|Any CPU
		{F911D110-A0B8-4554-81F1-881414B8796D}.AppStore|Mixed Platforms.ActiveCfg = Release|Any CPU
		{F911D110-A0B8-4554-81F1-881414B8796D}.AppStore|Mixed Platforms.Build.0 = Release|Any CPU
		{F911D110-A0B8-4554-81F1-881414B8796D}.AppStore|Mixed Platforms.Deploy.0 = Release|Any CPU
		{F911D110-A0B8-4554-81F1-881414B8796D}.AppStore|x86.ActiveCfg = Release|Any CPU
		{F911D110-A0B8-4554-81F1-881414B8796D}.Debug|Any CPU.ActiveCfg = Debug|Any CPU
		{F911D110-A0B8-4554-81F1-881414B8796D}.Debug|Any CPU.Build.0 = Debug|Any CPU
		{F911D110-A0B8-4554-81F1-881414B8796D}.Debug|Any CPU.Deploy.0 = Debug|Any CPU
		{F911D110-A0B8-4554-81F1-881414B8796D}.Debug|ARM.ActiveCfg = Debug|Any CPU
		{F911D110-A0B8-4554-81F1-881414B8796D}.Debug|iPhone.ActiveCfg = Debug|Any CPU
		{F911D110-A0B8-4554-81F1-881414B8796D}.Debug|iPhoneSimulator.ActiveCfg = Debug|Any CPU
		{F911D110-A0B8-4554-81F1-881414B8796D}.Debug|Mixed Platforms.ActiveCfg = Debug|Any CPU
		{F911D110-A0B8-4554-81F1-881414B8796D}.Debug|Mixed Platforms.Build.0 = Debug|Any CPU
		{F911D110-A0B8-4554-81F1-881414B8796D}.Debug|Mixed Platforms.Deploy.0 = Debug|Any CPU
		{F911D110-A0B8-4554-81F1-881414B8796D}.Debug|x86.ActiveCfg = Debug|Any CPU
		{F911D110-A0B8-4554-81F1-881414B8796D}.Release|Any CPU.ActiveCfg = Release|Any CPU
		{F911D110-A0B8-4554-81F1-881414B8796D}.Release|Any CPU.Build.0 = Release|Any CPU
		{F911D110-A0B8-4554-81F1-881414B8796D}.Release|Any CPU.Deploy.0 = Release|Any CPU
		{F911D110-A0B8-4554-81F1-881414B8796D}.Release|ARM.ActiveCfg = Release|Any CPU
		{F911D110-A0B8-4554-81F1-881414B8796D}.Release|iPhone.ActiveCfg = Release|Any CPU
		{F911D110-A0B8-4554-81F1-881414B8796D}.Release|iPhoneSimulator.ActiveCfg = Release|Any CPU
		{F911D110-A0B8-4554-81F1-881414B8796D}.Release|Mixed Platforms.ActiveCfg = Release|Any CPU
		{F911D110-A0B8-4554-81F1-881414B8796D}.Release|Mixed Platforms.Build.0 = Release|Any CPU
		{F911D110-A0B8-4554-81F1-881414B8796D}.Release|Mixed Platforms.Deploy.0 = Release|Any CPU
		{F911D110-A0B8-4554-81F1-881414B8796D}.Release|x86.ActiveCfg = Release|Any CPU
		{8E0BDECD-1B7E-48BE-AC60-11943C4940FE}.Ad-Hoc|Any CPU.ActiveCfg = Release|Any CPU
		{8E0BDECD-1B7E-48BE-AC60-11943C4940FE}.Ad-Hoc|Any CPU.Build.0 = Release|Any CPU
		{8E0BDECD-1B7E-48BE-AC60-11943C4940FE}.Ad-Hoc|Any CPU.Deploy.0 = Release|Any CPU
		{8E0BDECD-1B7E-48BE-AC60-11943C4940FE}.Ad-Hoc|ARM.ActiveCfg = Release|ARM
		{8E0BDECD-1B7E-48BE-AC60-11943C4940FE}.Ad-Hoc|ARM.Build.0 = Release|ARM
		{8E0BDECD-1B7E-48BE-AC60-11943C4940FE}.Ad-Hoc|ARM.Deploy.0 = Release|ARM
		{8E0BDECD-1B7E-48BE-AC60-11943C4940FE}.Ad-Hoc|iPhone.ActiveCfg = Release|Any CPU
		{8E0BDECD-1B7E-48BE-AC60-11943C4940FE}.Ad-Hoc|iPhoneSimulator.ActiveCfg = Release|Any CPU
		{8E0BDECD-1B7E-48BE-AC60-11943C4940FE}.Ad-Hoc|Mixed Platforms.ActiveCfg = Release|x86
		{8E0BDECD-1B7E-48BE-AC60-11943C4940FE}.Ad-Hoc|Mixed Platforms.Build.0 = Release|x86
		{8E0BDECD-1B7E-48BE-AC60-11943C4940FE}.Ad-Hoc|Mixed Platforms.Deploy.0 = Release|x86
		{8E0BDECD-1B7E-48BE-AC60-11943C4940FE}.Ad-Hoc|x86.ActiveCfg = Release|x86
		{8E0BDECD-1B7E-48BE-AC60-11943C4940FE}.Ad-Hoc|x86.Build.0 = Release|x86
		{8E0BDECD-1B7E-48BE-AC60-11943C4940FE}.Ad-Hoc|x86.Deploy.0 = Release|x86
		{8E0BDECD-1B7E-48BE-AC60-11943C4940FE}.AppStore|Any CPU.ActiveCfg = Release|Any CPU
		{8E0BDECD-1B7E-48BE-AC60-11943C4940FE}.AppStore|Any CPU.Build.0 = Release|Any CPU
		{8E0BDECD-1B7E-48BE-AC60-11943C4940FE}.AppStore|Any CPU.Deploy.0 = Release|Any CPU
		{8E0BDECD-1B7E-48BE-AC60-11943C4940FE}.AppStore|ARM.ActiveCfg = Release|ARM
		{8E0BDECD-1B7E-48BE-AC60-11943C4940FE}.AppStore|ARM.Build.0 = Release|ARM
		{8E0BDECD-1B7E-48BE-AC60-11943C4940FE}.AppStore|ARM.Deploy.0 = Release|ARM
		{8E0BDECD-1B7E-48BE-AC60-11943C4940FE}.AppStore|iPhone.ActiveCfg = Release|Any CPU
		{8E0BDECD-1B7E-48BE-AC60-11943C4940FE}.AppStore|iPhoneSimulator.ActiveCfg = Release|Any CPU
		{8E0BDECD-1B7E-48BE-AC60-11943C4940FE}.AppStore|Mixed Platforms.ActiveCfg = Release|x86
		{8E0BDECD-1B7E-48BE-AC60-11943C4940FE}.AppStore|Mixed Platforms.Build.0 = Release|x86
		{8E0BDECD-1B7E-48BE-AC60-11943C4940FE}.AppStore|Mixed Platforms.Deploy.0 = Release|x86
		{8E0BDECD-1B7E-48BE-AC60-11943C4940FE}.AppStore|x86.ActiveCfg = Release|x86
		{8E0BDECD-1B7E-48BE-AC60-11943C4940FE}.AppStore|x86.Build.0 = Release|x86
		{8E0BDECD-1B7E-48BE-AC60-11943C4940FE}.AppStore|x86.Deploy.0 = Release|x86
		{8E0BDECD-1B7E-48BE-AC60-11943C4940FE}.Debug|Any CPU.ActiveCfg = Debug|Any CPU
		{8E0BDECD-1B7E-48BE-AC60-11943C4940FE}.Debug|Any CPU.Build.0 = Debug|Any CPU
		{8E0BDECD-1B7E-48BE-AC60-11943C4940FE}.Debug|Any CPU.Deploy.0 = Debug|Any CPU
		{8E0BDECD-1B7E-48BE-AC60-11943C4940FE}.Debug|ARM.ActiveCfg = Debug|ARM
		{8E0BDECD-1B7E-48BE-AC60-11943C4940FE}.Debug|ARM.Build.0 = Debug|ARM
		{8E0BDECD-1B7E-48BE-AC60-11943C4940FE}.Debug|ARM.Deploy.0 = Debug|ARM
		{8E0BDECD-1B7E-48BE-AC60-11943C4940FE}.Debug|iPhone.ActiveCfg = Debug|Any CPU
		{8E0BDECD-1B7E-48BE-AC60-11943C4940FE}.Debug|iPhoneSimulator.ActiveCfg = Debug|Any CPU
		{8E0BDECD-1B7E-48BE-AC60-11943C4940FE}.Debug|Mixed Platforms.ActiveCfg = Debug|x86
		{8E0BDECD-1B7E-48BE-AC60-11943C4940FE}.Debug|Mixed Platforms.Build.0 = Debug|x86
		{8E0BDECD-1B7E-48BE-AC60-11943C4940FE}.Debug|Mixed Platforms.Deploy.0 = Debug|x86
		{8E0BDECD-1B7E-48BE-AC60-11943C4940FE}.Debug|x86.ActiveCfg = Debug|x86
		{8E0BDECD-1B7E-48BE-AC60-11943C4940FE}.Debug|x86.Build.0 = Debug|x86
		{8E0BDECD-1B7E-48BE-AC60-11943C4940FE}.Debug|x86.Deploy.0 = Debug|x86
		{8E0BDECD-1B7E-48BE-AC60-11943C4940FE}.Release|Any CPU.ActiveCfg = Release|Any CPU
		{8E0BDECD-1B7E-48BE-AC60-11943C4940FE}.Release|Any CPU.Build.0 = Release|Any CPU
		{8E0BDECD-1B7E-48BE-AC60-11943C4940FE}.Release|Any CPU.Deploy.0 = Release|Any CPU
		{8E0BDECD-1B7E-48BE-AC60-11943C4940FE}.Release|ARM.ActiveCfg = Release|ARM
		{8E0BDECD-1B7E-48BE-AC60-11943C4940FE}.Release|ARM.Build.0 = Release|ARM
		{8E0BDECD-1B7E-48BE-AC60-11943C4940FE}.Release|ARM.Deploy.0 = Release|ARM
		{8E0BDECD-1B7E-48BE-AC60-11943C4940FE}.Release|iPhone.ActiveCfg = Release|Any CPU
		{8E0BDECD-1B7E-48BE-AC60-11943C4940FE}.Release|iPhoneSimulator.ActiveCfg = Release|Any CPU
		{8E0BDECD-1B7E-48BE-AC60-11943C4940FE}.Release|Mixed Platforms.ActiveCfg = Release|x86
		{8E0BDECD-1B7E-48BE-AC60-11943C4940FE}.Release|Mixed Platforms.Build.0 = Release|x86
		{8E0BDECD-1B7E-48BE-AC60-11943C4940FE}.Release|Mixed Platforms.Deploy.0 = Release|x86
		{8E0BDECD-1B7E-48BE-AC60-11943C4940FE}.Release|x86.ActiveCfg = Release|x86
		{8E0BDECD-1B7E-48BE-AC60-11943C4940FE}.Release|x86.Build.0 = Release|x86
		{8E0BDECD-1B7E-48BE-AC60-11943C4940FE}.Release|x86.Deploy.0 = Release|x86
	EndGlobalSection
	GlobalSection(SolutionProperties) = preSolution
		HideSolutionNode = FALSE
	EndGlobalSection
EndGlobal
